// !$*UTF8*$!
{
	archiveVersion = 1;
	classes = {
	};
	objectVersion = 77;
	objects = {

/* Begin PBXContainerItemProxy section */
		2104FBB62DA2E22F00AC4879 /* PBXContainerItemProxy */ = {
			isa = PBXContainerItemProxy;
			containerPortal = 210585B22DA01329004855FE /* Project object */;
			proxyType = 1;
			remoteGlobalIDString = 210585BE2DA0132B004855FE;
			remoteInfo = "RetroRacing iOS";
		};
/* End PBXContainerItemProxy section */

/* Begin PBXFileReference section */
		2104FBB22DA2E22F00AC4879 /* RetroRacingTests.xctest */ = {isa = PBXFileReference; explicitFileType = wrapper.cfbundle; includeInIndex = 0; path = RetroRacingTests.xctest; sourceTree = BUILT_PRODUCTS_DIR; };
		210585BF2DA0132B004855FE /* RetroRacing.app */ = {isa = PBXFileReference; explicitFileType = wrapper.application; includeInIndex = 0; path = RetroRacing.app; sourceTree = BUILT_PRODUCTS_DIR; };
		210585D02DA0132B004855FE /* RetroRacing.app */ = {isa = PBXFileReference; explicitFileType = wrapper.application; includeInIndex = 0; path = RetroRacing.app; sourceTree = BUILT_PRODUCTS_DIR; };
		210585E02DA0132B004855FE /* RetroRacing.app */ = {isa = PBXFileReference; explicitFileType = wrapper.application; includeInIndex = 0; path = RetroRacing.app; sourceTree = BUILT_PRODUCTS_DIR; };
		214E8E1A2DA01A1700AC8000 /* RetroRacing watchOS.app */ = {isa = PBXFileReference; explicitFileType = wrapper.application; includeInIndex = 0; path = "RetroRacing watchOS.app"; sourceTree = BUILT_PRODUCTS_DIR; };
/* End PBXFileReference section */

/* Begin PBXFileSystemSynchronizedBuildFileExceptionSet section */
		210585F62DA0132B004855FE /* Exceptions for "RetroRacing Shared" folder in "RetroRacing iOS" target */ = {
			isa = PBXFileSystemSynchronizedBuildFileExceptionSet;
			membershipExceptions = (
				Actions.sks,
				Assets.xcassets,
				"Extensions/SKNode+SizeAndPositionUtilities.swift",
				GameScene.sks,
				GameScene.swift,
				GameState.swift,
				GridState.swift,
				GridStateCalculator.swift,
				"Int+Random.swift",
				Localizable.xcstrings,
				Resources/Audio/bip.m4a,
				Resources/Audio/fail.m4a,
				Resources/Audio/start.m4a,
				"Resources/Font/PressStart2P-Regular.ttf",
			);
			target = 210585BE2DA0132B004855FE /* RetroRacing iOS */;
		};
		210585FA2DA0132B004855FE /* Exceptions for "RetroRacing Shared" folder in "RetroRacing tvOS" target */ = {
			isa = PBXFileSystemSynchronizedBuildFileExceptionSet;
			membershipExceptions = (
				Actions.sks,
				Assets.xcassets,
				"Extensions/SKNode+SizeAndPositionUtilities.swift",
				GameScene.sks,
				GameScene.swift,
				GameState.swift,
				GridState.swift,
				GridStateCalculator.swift,
				"Int+Random.swift",
				Localizable.xcstrings,
				Resources/Audio/bip.m4a,
				Resources/Audio/fail.m4a,
				Resources/Audio/start.m4a,
				"Resources/Font/PressStart2P-Regular.ttf",
			);
			target = 210585CF2DA0132B004855FE /* RetroRacing tvOS */;
		};
		210585FE2DA0132B004855FE /* Exceptions for "RetroRacing Shared" folder in "RetroRacing macOS" target */ = {
			isa = PBXFileSystemSynchronizedBuildFileExceptionSet;
			membershipExceptions = (
				Actions.sks,
				Assets.xcassets,
				"Extensions/SKNode+SizeAndPositionUtilities.swift",
				GameScene.sks,
				GameScene.swift,
				GameState.swift,
				GridState.swift,
				GridStateCalculator.swift,
				"Int+Random.swift",
				Localizable.xcstrings,
				Resources/Audio/bip.m4a,
				Resources/Audio/fail.m4a,
				Resources/Audio/start.m4a,
				"Resources/Font/PressStart2P-Regular.ttf",
			);
			target = 210585DF2DA0132B004855FE /* RetroRacing macOS */;
		};
		214E8E702DA01B4800AC8000 /* Exceptions for "RetroRacing Shared" folder in "RetroRacing watchOS" target */ = {
			isa = PBXFileSystemSynchronizedBuildFileExceptionSet;
			membershipExceptions = (
				Assets.xcassets,
				"Extensions/SKNode+SizeAndPositionUtilities.swift",
				GameScene.swift,
				GameState.swift,
				GridState.swift,
				GridStateCalculator.swift,
				"Int+Random.swift",
				Localizable.xcstrings,
				Resources/Audio/bip.m4a,
				Resources/Audio/fail.m4a,
				Resources/Audio/start.m4a,
				"Resources/Font/PressStart2P-Regular.ttf",
			);
			target = 214E8E192DA01A1700AC8000 /* RetroRacing watchOS */;
		};
/* End PBXFileSystemSynchronizedBuildFileExceptionSet section */

/* Begin PBXFileSystemSynchronizedRootGroup section */
		2104FBB32DA2E22F00AC4879 /* RetroRacingTests */ = {
			isa = PBXFileSystemSynchronizedRootGroup;
			path = RetroRacingTests;
			sourceTree = "<group>";
		};
		210585B62DA01329004855FE /* RetroRacing Shared */ = {
			isa = PBXFileSystemSynchronizedRootGroup;
			exceptions = (
				210585F62DA0132B004855FE /* Exceptions for "RetroRacing Shared" folder in "RetroRacing iOS" target */,
				210585FA2DA0132B004855FE /* Exceptions for "RetroRacing Shared" folder in "RetroRacing tvOS" target */,
				210585FE2DA0132B004855FE /* Exceptions for "RetroRacing Shared" folder in "RetroRacing macOS" target */,
				214E8E702DA01B4800AC8000 /* Exceptions for "RetroRacing Shared" folder in "RetroRacing watchOS" target */,
			);
			path = "RetroRacing Shared";
			sourceTree = "<group>";
		};
		210585C12DA0132B004855FE /* RetroRacing iOS */ = {
			isa = PBXFileSystemSynchronizedRootGroup;
			path = "RetroRacing iOS";
			sourceTree = "<group>";
		};
		210585D12DA0132B004855FE /* RetroRacing tvOS */ = {
			isa = PBXFileSystemSynchronizedRootGroup;
			path = "RetroRacing tvOS";
			sourceTree = "<group>";
		};
		210585E12DA0132B004855FE /* RetroRacing macOS */ = {
			isa = PBXFileSystemSynchronizedRootGroup;
			path = "RetroRacing macOS";
			sourceTree = "<group>";
		};
		214E8E1E2DA01A1700AC8000 /* RetroRacing watchOS */ = {
			isa = PBXFileSystemSynchronizedRootGroup;
			path = "RetroRacing watchOS";
			sourceTree = "<group>";
		};
/* End PBXFileSystemSynchronizedRootGroup section */

/* Begin PBXFrameworksBuildPhase section */
		2104FBAF2DA2E22F00AC4879 /* Frameworks */ = {
			isa = PBXFrameworksBuildPhase;
			buildActionMask = 2147483647;
			files = (
			);
			runOnlyForDeploymentPostprocessing = 0;
		};
		210585BC2DA0132B004855FE /* Frameworks */ = {
			isa = PBXFrameworksBuildPhase;
			buildActionMask = 2147483647;
			files = (
			);
			runOnlyForDeploymentPostprocessing = 0;
		};
		210585CD2DA0132B004855FE /* Frameworks */ = {
			isa = PBXFrameworksBuildPhase;
			buildActionMask = 2147483647;
			files = (
			);
			runOnlyForDeploymentPostprocessing = 0;
		};
		210585DD2DA0132B004855FE /* Frameworks */ = {
			isa = PBXFrameworksBuildPhase;
			buildActionMask = 2147483647;
			files = (
			);
			runOnlyForDeploymentPostprocessing = 0;
		};
		214E8E172DA01A1700AC8000 /* Frameworks */ = {
			isa = PBXFrameworksBuildPhase;
			buildActionMask = 2147483647;
			files = (
			);
			runOnlyForDeploymentPostprocessing = 0;
		};
/* End PBXFrameworksBuildPhase section */

/* Begin PBXGroup section */
		210585B12DA01329004855FE = {
			isa = PBXGroup;
			children = (
				210585B62DA01329004855FE /* RetroRacing Shared */,
				210585C12DA0132B004855FE /* RetroRacing iOS */,
				210585D12DA0132B004855FE /* RetroRacing tvOS */,
				210585E12DA0132B004855FE /* RetroRacing macOS */,
				214E8E1E2DA01A1700AC8000 /* RetroRacing watchOS */,
				2104FBB32DA2E22F00AC4879 /* RetroRacingTests */,
				210585C02DA0132B004855FE /* Products */,
			);
			sourceTree = "<group>";
		};
		210585C02DA0132B004855FE /* Products */ = {
			isa = PBXGroup;
			children = (
				210585BF2DA0132B004855FE /* RetroRacing.app */,
				210585D02DA0132B004855FE /* RetroRacing.app */,
				210585E02DA0132B004855FE /* RetroRacing.app */,
				214E8E1A2DA01A1700AC8000 /* RetroRacing watchOS.app */,
				2104FBB22DA2E22F00AC4879 /* RetroRacingTests.xctest */,
			);
			name = Products;
			sourceTree = "<group>";
		};
/* End PBXGroup section */

/* Begin PBXNativeTarget section */
		2104FBB12DA2E22F00AC4879 /* RetroRacingTests */ = {
			isa = PBXNativeTarget;
			buildConfigurationList = 2104FBB82DA2E22F00AC4879 /* Build configuration list for PBXNativeTarget "RetroRacingTests" */;
			buildPhases = (
				2104FBAE2DA2E22F00AC4879 /* Sources */,
				2104FBAF2DA2E22F00AC4879 /* Frameworks */,
				2104FBB02DA2E22F00AC4879 /* Resources */,
			);
			buildRules = (
			);
			dependencies = (
				2104FBB72DA2E22F00AC4879 /* PBXTargetDependency */,
			);
			fileSystemSynchronizedGroups = (
				2104FBB32DA2E22F00AC4879 /* RetroRacingTests */,
			);
			name = RetroRacingTests;
			packageProductDependencies = (
			);
			productName = RetroRacingTests;
			productReference = 2104FBB22DA2E22F00AC4879 /* RetroRacingTests.xctest */;
			productType = "com.apple.product-type.bundle.unit-test";
		};
		210585BE2DA0132B004855FE /* RetroRacing iOS */ = {
			isa = PBXNativeTarget;
			buildConfigurationList = 210585F72DA0132B004855FE /* Build configuration list for PBXNativeTarget "RetroRacing iOS" */;
			buildPhases = (
				210585BB2DA0132B004855FE /* Sources */,
				210585BC2DA0132B004855FE /* Frameworks */,
				210585BD2DA0132B004855FE /* Resources */,
			);
			buildRules = (
			);
			dependencies = (
			);
			fileSystemSynchronizedGroups = (
				210585C12DA0132B004855FE /* RetroRacing iOS */,
			);
			name = "RetroRacing iOS";
			packageProductDependencies = (
			);
			productName = "RetroRacing iOS";
			productReference = 210585BF2DA0132B004855FE /* RetroRacing.app */;
			productType = "com.apple.product-type.application";
		};
		210585CF2DA0132B004855FE /* RetroRacing tvOS */ = {
			isa = PBXNativeTarget;
			buildConfigurationList = 210585FB2DA0132B004855FE /* Build configuration list for PBXNativeTarget "RetroRacing tvOS" */;
			buildPhases = (
				210585CC2DA0132B004855FE /* Sources */,
				210585CD2DA0132B004855FE /* Frameworks */,
				210585CE2DA0132B004855FE /* Resources */,
			);
			buildRules = (
			);
			dependencies = (
			);
			fileSystemSynchronizedGroups = (
				210585D12DA0132B004855FE /* RetroRacing tvOS */,
			);
			name = "RetroRacing tvOS";
			packageProductDependencies = (
			);
			productName = "RetroRacing tvOS";
			productReference = 210585D02DA0132B004855FE /* RetroRacing.app */;
			productType = "com.apple.product-type.application";
		};
		210585DF2DA0132B004855FE /* RetroRacing macOS */ = {
			isa = PBXNativeTarget;
			buildConfigurationList = 210585FF2DA0132B004855FE /* Build configuration list for PBXNativeTarget "RetroRacing macOS" */;
			buildPhases = (
				210585DC2DA0132B004855FE /* Sources */,
				210585DD2DA0132B004855FE /* Frameworks */,
				210585DE2DA0132B004855FE /* Resources */,
			);
			buildRules = (
			);
			dependencies = (
			);
			fileSystemSynchronizedGroups = (
				210585E12DA0132B004855FE /* RetroRacing macOS */,
			);
			name = "RetroRacing macOS";
			packageProductDependencies = (
			);
			productName = "RetroRacing macOS";
			productReference = 210585E02DA0132B004855FE /* RetroRacing.app */;
			productType = "com.apple.product-type.application";
		};
		214E8E192DA01A1700AC8000 /* RetroRacing watchOS */ = {
			isa = PBXNativeTarget;
			buildConfigurationList = 214E8E442DA01A1900AC8000 /* Build configuration list for PBXNativeTarget "RetroRacing watchOS" */;
			buildPhases = (
				214E8E162DA01A1700AC8000 /* Sources */,
				214E8E172DA01A1700AC8000 /* Frameworks */,
				214E8E182DA01A1700AC8000 /* Resources */,
			);
			buildRules = (
			);
			dependencies = (
			);
			fileSystemSynchronizedGroups = (
				214E8E1E2DA01A1700AC8000 /* RetroRacing watchOS */,
			);
			name = "RetroRacing watchOS";
			packageProductDependencies = (
			);
			productName = "RetroRacing watchOS Watch App";
			productReference = 214E8E1A2DA01A1700AC8000 /* RetroRacing watchOS.app */;
			productType = "com.apple.product-type.application";
		};
/* End PBXNativeTarget section */

/* Begin PBXProject section */
		210585B22DA01329004855FE /* Project object */ = {
			isa = PBXProject;
			attributes = {
				BuildIndependentTargetsInParallel = 1;
				LastSwiftUpdateCheck = 1630;
				LastUpgradeCheck = 1630;
				TargetAttributes = {
					2104FBB12DA2E22F00AC4879 = {
						CreatedOnToolsVersion = 16.3;
						TestTargetID = 210585BE2DA0132B004855FE;
					};
					210585BE2DA0132B004855FE = {
						CreatedOnToolsVersion = 16.3;
					};
					210585CF2DA0132B004855FE = {
						CreatedOnToolsVersion = 16.3;
					};
					210585DF2DA0132B004855FE = {
						CreatedOnToolsVersion = 16.3;
					};
					214E8E192DA01A1700AC8000 = {
						CreatedOnToolsVersion = 16.3;
					};
				};
			};
			buildConfigurationList = 210585B52DA01329004855FE /* Build configuration list for PBXProject "RetroRacing" */;
			developmentRegion = en;
			hasScannedForEncodings = 0;
			knownRegions = (
				en,
				Base,
			);
			mainGroup = 210585B12DA01329004855FE;
			minimizedProjectReferenceProxies = 1;
			preferredProjectObjectVersion = 77;
			productRefGroup = 210585C02DA0132B004855FE /* Products */;
			projectDirPath = "";
			projectRoot = "";
			targets = (
				210585BE2DA0132B004855FE /* RetroRacing iOS */,
				210585CF2DA0132B004855FE /* RetroRacing tvOS */,
				210585DF2DA0132B004855FE /* RetroRacing macOS */,
				214E8E192DA01A1700AC8000 /* RetroRacing watchOS */,
				2104FBB12DA2E22F00AC4879 /* RetroRacingTests */,
			);
		};
/* End PBXProject section */

/* Begin PBXResourcesBuildPhase section */
		2104FBB02DA2E22F00AC4879 /* Resources */ = {
			isa = PBXResourcesBuildPhase;
			buildActionMask = 2147483647;
			files = (
			);
			runOnlyForDeploymentPostprocessing = 0;
		};
		210585BD2DA0132B004855FE /* Resources */ = {
			isa = PBXResourcesBuildPhase;
			buildActionMask = 2147483647;
			files = (
			);
			runOnlyForDeploymentPostprocessing = 0;
		};
		210585CE2DA0132B004855FE /* Resources */ = {
			isa = PBXResourcesBuildPhase;
			buildActionMask = 2147483647;
			files = (
			);
			runOnlyForDeploymentPostprocessing = 0;
		};
		210585DE2DA0132B004855FE /* Resources */ = {
			isa = PBXResourcesBuildPhase;
			buildActionMask = 2147483647;
			files = (
			);
			runOnlyForDeploymentPostprocessing = 0;
		};
		214E8E182DA01A1700AC8000 /* Resources */ = {
			isa = PBXResourcesBuildPhase;
			buildActionMask = 2147483647;
			files = (
			);
			runOnlyForDeploymentPostprocessing = 0;
		};
/* End PBXResourcesBuildPhase section */

/* Begin PBXSourcesBuildPhase section */
		2104FBAE2DA2E22F00AC4879 /* Sources */ = {
			isa = PBXSourcesBuildPhase;
			buildActionMask = 2147483647;
			files = (
			);
			runOnlyForDeploymentPostprocessing = 0;
		};
		210585BB2DA0132B004855FE /* Sources */ = {
			isa = PBXSourcesBuildPhase;
			buildActionMask = 2147483647;
			files = (
			);
			runOnlyForDeploymentPostprocessing = 0;
		};
		210585CC2DA0132B004855FE /* Sources */ = {
			isa = PBXSourcesBuildPhase;
			buildActionMask = 2147483647;
			files = (
			);
			runOnlyForDeploymentPostprocessing = 0;
		};
		210585DC2DA0132B004855FE /* Sources */ = {
			isa = PBXSourcesBuildPhase;
			buildActionMask = 2147483647;
			files = (
			);
			runOnlyForDeploymentPostprocessing = 0;
		};
		214E8E162DA01A1700AC8000 /* Sources */ = {
			isa = PBXSourcesBuildPhase;
			buildActionMask = 2147483647;
			files = (
			);
			runOnlyForDeploymentPostprocessing = 0;
		};
/* End PBXSourcesBuildPhase section */

/* Begin PBXTargetDependency section */
		2104FBB72DA2E22F00AC4879 /* PBXTargetDependency */ = {
			isa = PBXTargetDependency;
			target = 210585BE2DA0132B004855FE /* RetroRacing iOS */;
			targetProxy = 2104FBB62DA2E22F00AC4879 /* PBXContainerItemProxy */;
		};
/* End PBXTargetDependency section */

/* Begin XCBuildConfiguration section */
		2104FBB92DA2E22F00AC4879 /* Debug */ = {
			isa = XCBuildConfiguration;
			buildSettings = {
				BUNDLE_LOADER = "$(TEST_HOST)";
				CODE_SIGN_STYLE = Automatic;
				CURRENT_PROJECT_VERSION = 1;
				DEVELOPMENT_TEAM = L8P3SDVYVX;
				GENERATE_INFOPLIST_FILE = YES;
				IPHONEOS_DEPLOYMENT_TARGET = 18.4;
				MACOSX_DEPLOYMENT_TARGET = 15.3;
				MARKETING_VERSION = 1.0;
				PRODUCT_BUNDLE_IDENTIFIER = dadederk.RetroRacingTests;
				PRODUCT_NAME = "$(TARGET_NAME)";
				SDKROOT = auto;
				SUPPORTED_PLATFORMS = "iphoneos iphonesimulator xros xrsimulator";
				SUPPORTS_MACCATALYST = NO;
				SWIFT_EMIT_LOC_STRINGS = NO;
				SWIFT_VERSION = 5.0;
				TARGETED_DEVICE_FAMILY = "1,2,7";
				TEST_HOST = "$(BUILT_PRODUCTS_DIR)/RetroRacing.app/$(BUNDLE_EXECUTABLE_FOLDER_PATH)/RetroRacing";
				XROS_DEPLOYMENT_TARGET = 2.4;
			};
			name = Debug;
		};
		2104FBBA2DA2E22F00AC4879 /* Release */ = {
			isa = XCBuildConfiguration;
			buildSettings = {
				BUNDLE_LOADER = "$(TEST_HOST)";
				CODE_SIGN_STYLE = Automatic;
				CURRENT_PROJECT_VERSION = 1;
				DEVELOPMENT_TEAM = L8P3SDVYVX;
				GENERATE_INFOPLIST_FILE = YES;
				IPHONEOS_DEPLOYMENT_TARGET = 18.4;
				MACOSX_DEPLOYMENT_TARGET = 15.3;
				MARKETING_VERSION = 1.0;
				PRODUCT_BUNDLE_IDENTIFIER = dadederk.RetroRacingTests;
				PRODUCT_NAME = "$(TARGET_NAME)";
				SDKROOT = auto;
				SUPPORTED_PLATFORMS = "iphoneos iphonesimulator xros xrsimulator";
				SUPPORTS_MACCATALYST = NO;
				SWIFT_EMIT_LOC_STRINGS = NO;
				SWIFT_VERSION = 5.0;
				TARGETED_DEVICE_FAMILY = "1,2,7";
				TEST_HOST = "$(BUILT_PRODUCTS_DIR)/RetroRacing.app/$(BUNDLE_EXECUTABLE_FOLDER_PATH)/RetroRacing";
				XROS_DEPLOYMENT_TARGET = 2.4;
			};
			name = Release;
		};
		210585F82DA0132B004855FE /* Debug */ = {
			isa = XCBuildConfiguration;
			buildSettings = {
				ASSETCATALOG_COMPILER_APPICON_NAME = AppIcon;
				ASSETCATALOG_COMPILER_GLOBAL_ACCENT_COLOR_NAME = AccentColor;
				CODE_SIGN_STYLE = Automatic;
				CURRENT_PROJECT_VERSION = 1;
				DEVELOPMENT_TEAM = L8P3SDVYVX;
				GENERATE_INFOPLIST_FILE = YES;
				INFOPLIST_FILE = "RetroRacing-iOS-Info.plist";
				INFOPLIST_KEY_UIApplicationSupportsIndirectInputEvents = YES;
				INFOPLIST_KEY_UILaunchStoryboardName = LaunchScreen;
				INFOPLIST_KEY_UIMainStoryboardFile = Main;
				INFOPLIST_KEY_UIStatusBarHidden = YES;
				INFOPLIST_KEY_UISupportedInterfaceOrientations_iPad = "UIInterfaceOrientationPortrait UIInterfaceOrientationPortraitUpsideDown UIInterfaceOrientationLandscapeLeft UIInterfaceOrientationLandscapeRight";
				INFOPLIST_KEY_UISupportedInterfaceOrientations_iPhone = "UIInterfaceOrientationPortrait UIInterfaceOrientationLandscapeLeft UIInterfaceOrientationLandscapeRight";
				IPHONEOS_DEPLOYMENT_TARGET = 18.0;
				LD_RUNPATH_SEARCH_PATHS = (
					"$(inherited)",
					"@executable_path/Frameworks",
				);
				MARKETING_VERSION = 1.0;
				PRODUCT_BUNDLE_IDENTIFIER = dadederk.RetroRacing;
				PRODUCT_NAME = RetroRacing;
				SDKROOT = iphoneos;
				SWIFT_EMIT_LOC_STRINGS = YES;
				SWIFT_VERSION = 5.0;
				TARGETED_DEVICE_FAMILY = "1,2";
			};
			name = Debug;
		};
		210585F92DA0132B004855FE /* Release */ = {
			isa = XCBuildConfiguration;
			buildSettings = {
				ASSETCATALOG_COMPILER_APPICON_NAME = AppIcon;
				ASSETCATALOG_COMPILER_GLOBAL_ACCENT_COLOR_NAME = AccentColor;
				CODE_SIGN_STYLE = Automatic;
				CURRENT_PROJECT_VERSION = 1;
				DEVELOPMENT_TEAM = L8P3SDVYVX;
				GENERATE_INFOPLIST_FILE = YES;
				INFOPLIST_FILE = "RetroRacing-iOS-Info.plist";
				INFOPLIST_KEY_UIApplicationSupportsIndirectInputEvents = YES;
				INFOPLIST_KEY_UILaunchStoryboardName = LaunchScreen;
				INFOPLIST_KEY_UIMainStoryboardFile = Main;
				INFOPLIST_KEY_UIStatusBarHidden = YES;
				INFOPLIST_KEY_UISupportedInterfaceOrientations_iPad = "UIInterfaceOrientationPortrait UIInterfaceOrientationPortraitUpsideDown UIInterfaceOrientationLandscapeLeft UIInterfaceOrientationLandscapeRight";
				INFOPLIST_KEY_UISupportedInterfaceOrientations_iPhone = "UIInterfaceOrientationPortrait UIInterfaceOrientationLandscapeLeft UIInterfaceOrientationLandscapeRight";
				IPHONEOS_DEPLOYMENT_TARGET = 18.0;
				LD_RUNPATH_SEARCH_PATHS = (
					"$(inherited)",
					"@executable_path/Frameworks",
				);
				MARKETING_VERSION = 1.0;
				PRODUCT_BUNDLE_IDENTIFIER = dadederk.RetroRacing;
				PRODUCT_NAME = RetroRacing;
				SDKROOT = iphoneos;
				SWIFT_EMIT_LOC_STRINGS = YES;
				SWIFT_VERSION = 5.0;
				TARGETED_DEVICE_FAMILY = "1,2";
				VALIDATE_PRODUCT = YES;
			};
			name = Release;
		};
		210585FC2DA0132B004855FE /* Debug */ = {
			isa = XCBuildConfiguration;
			buildSettings = {
				ASSETCATALOG_COMPILER_APPICON_NAME = "tvOS App Icon & Top Shelf Image";
				ASSETCATALOG_COMPILER_GLOBAL_ACCENT_COLOR_NAME = AccentColor;
				CODE_SIGN_STYLE = Automatic;
				CURRENT_PROJECT_VERSION = 1;
				DEVELOPMENT_TEAM = L8P3SDVYVX;
				GENERATE_INFOPLIST_FILE = YES;
				INFOPLIST_KEY_UILaunchStoryboardName = LaunchScreen;
				INFOPLIST_KEY_UIMainStoryboardFile = Main;
				INFOPLIST_KEY_UIUserInterfaceStyle = Automatic;
				LD_RUNPATH_SEARCH_PATHS = (
					"$(inherited)",
					"@executable_path/Frameworks",
				);
				MARKETING_VERSION = 1.0;
				PRODUCT_BUNDLE_IDENTIFIER = dadederk.RetroRacing;
				PRODUCT_NAME = RetroRacing;
				SDKROOT = appletvos;
				SWIFT_EMIT_LOC_STRINGS = YES;
				SWIFT_VERSION = 5.0;
				TARGETED_DEVICE_FAMILY = 3;
				TVOS_DEPLOYMENT_TARGET = 18.0;
			};
			name = Debug;
		};
		210585FD2DA0132B004855FE /* Release */ = {
			isa = XCBuildConfiguration;
			buildSettings = {
				ASSETCATALOG_COMPILER_APPICON_NAME = "tvOS App Icon & Top Shelf Image";
				ASSETCATALOG_COMPILER_GLOBAL_ACCENT_COLOR_NAME = AccentColor;
				CODE_SIGN_STYLE = Automatic;
				CURRENT_PROJECT_VERSION = 1;
				DEVELOPMENT_TEAM = L8P3SDVYVX;
				GENERATE_INFOPLIST_FILE = YES;
				INFOPLIST_KEY_UILaunchStoryboardName = LaunchScreen;
				INFOPLIST_KEY_UIMainStoryboardFile = Main;
				INFOPLIST_KEY_UIUserInterfaceStyle = Automatic;
				LD_RUNPATH_SEARCH_PATHS = (
					"$(inherited)",
					"@executable_path/Frameworks",
				);
				MARKETING_VERSION = 1.0;
				PRODUCT_BUNDLE_IDENTIFIER = dadederk.RetroRacing;
				PRODUCT_NAME = RetroRacing;
				SDKROOT = appletvos;
				SWIFT_EMIT_LOC_STRINGS = YES;
				SWIFT_VERSION = 5.0;
				TARGETED_DEVICE_FAMILY = 3;
				TVOS_DEPLOYMENT_TARGET = 18.0;
				VALIDATE_PRODUCT = YES;
			};
			name = Release;
		};
		210586002DA0132B004855FE /* Debug */ = {
			isa = XCBuildConfiguration;
			buildSettings = {
				ASSETCATALOG_COMPILER_APPICON_NAME = AppIcon;
				ASSETCATALOG_COMPILER_GLOBAL_ACCENT_COLOR_NAME = AccentColor;
				CODE_SIGN_ENTITLEMENTS = "RetroRacing macOS/RetroRacing_macOS.entitlements";
				CODE_SIGN_STYLE = Automatic;
				COMBINE_HIDPI_IMAGES = YES;
				CURRENT_PROJECT_VERSION = 1;
				DEVELOPMENT_TEAM = L8P3SDVYVX;
				ENABLE_HARDENED_RUNTIME = YES;
				GENERATE_INFOPLIST_FILE = YES;
				INFOPLIST_KEY_NSHumanReadableCopyright = "";
				INFOPLIST_KEY_NSMainStoryboardFile = Main;
				INFOPLIST_KEY_NSPrincipalClass = NSApplication;
				LD_RUNPATH_SEARCH_PATHS = (
					"$(inherited)",
					"@executable_path/../Frameworks",
				);
				MACOSX_DEPLOYMENT_TARGET = 15.0;
				MARKETING_VERSION = 1.0;
				PRODUCT_BUNDLE_IDENTIFIER = dadederk.RetroRacing;
				PRODUCT_NAME = RetroRacing;
				REGISTER_APP_GROUPS = YES;
				SDKROOT = macosx;
				SWIFT_EMIT_LOC_STRINGS = YES;
				SWIFT_VERSION = 5.0;
			};
			name = Debug;
		};
		210586012DA0132B004855FE /* Release */ = {
			isa = XCBuildConfiguration;
			buildSettings = {
				ASSETCATALOG_COMPILER_APPICON_NAME = AppIcon;
				ASSETCATALOG_COMPILER_GLOBAL_ACCENT_COLOR_NAME = AccentColor;
				CODE_SIGN_ENTITLEMENTS = "RetroRacing macOS/RetroRacing_macOS.entitlements";
				CODE_SIGN_STYLE = Automatic;
				COMBINE_HIDPI_IMAGES = YES;
				CURRENT_PROJECT_VERSION = 1;
				DEVELOPMENT_TEAM = L8P3SDVYVX;
				ENABLE_HARDENED_RUNTIME = YES;
				GENERATE_INFOPLIST_FILE = YES;
				INFOPLIST_KEY_NSHumanReadableCopyright = "";
				INFOPLIST_KEY_NSMainStoryboardFile = Main;
				INFOPLIST_KEY_NSPrincipalClass = NSApplication;
				LD_RUNPATH_SEARCH_PATHS = (
					"$(inherited)",
					"@executable_path/../Frameworks",
				);
				MACOSX_DEPLOYMENT_TARGET = 15.0;
				MARKETING_VERSION = 1.0;
				PRODUCT_BUNDLE_IDENTIFIER = dadederk.RetroRacing;
				PRODUCT_NAME = RetroRacing;
				REGISTER_APP_GROUPS = YES;
				SDKROOT = macosx;
				SWIFT_EMIT_LOC_STRINGS = YES;
				SWIFT_VERSION = 5.0;
			};
			name = Release;
		};
		210586022DA0132B004855FE /* Debug */ = {
			isa = XCBuildConfiguration;
			buildSettings = {
				ALWAYS_SEARCH_USER_PATHS = NO;
				ASSETCATALOG_COMPILER_GENERATE_SWIFT_ASSET_SYMBOL_EXTENSIONS = YES;
				CLANG_ANALYZER_NONNULL = YES;
				CLANG_ANALYZER_NUMBER_OBJECT_CONVERSION = YES_AGGRESSIVE;
				CLANG_CXX_LANGUAGE_STANDARD = "gnu++20";
				CLANG_ENABLE_MODULES = YES;
				CLANG_ENABLE_OBJC_ARC = YES;
				CLANG_ENABLE_OBJC_WEAK = YES;
				CLANG_WARN_BLOCK_CAPTURE_AUTORELEASING = YES;
				CLANG_WARN_BOOL_CONVERSION = YES;
				CLANG_WARN_COMMA = YES;
				CLANG_WARN_CONSTANT_CONVERSION = YES;
				CLANG_WARN_DEPRECATED_OBJC_IMPLEMENTATIONS = YES;
				CLANG_WARN_DIRECT_OBJC_ISA_USAGE = YES_ERROR;
				CLANG_WARN_DOCUMENTATION_COMMENTS = YES;
				CLANG_WARN_EMPTY_BODY = YES;
				CLANG_WARN_ENUM_CONVERSION = YES;
				CLANG_WARN_INFINITE_RECURSION = YES;
				CLANG_WARN_INT_CONVERSION = YES;
				CLANG_WARN_NON_LITERAL_NULL_CONVERSION = YES;
				CLANG_WARN_OBJC_IMPLICIT_RETAIN_SELF = YES;
				CLANG_WARN_OBJC_LITERAL_CONVERSION = YES;
				CLANG_WARN_OBJC_ROOT_CLASS = YES_ERROR;
				CLANG_WARN_QUOTED_INCLUDE_IN_FRAMEWORK_HEADER = YES;
				CLANG_WARN_RANGE_LOOP_ANALYSIS = YES;
				CLANG_WARN_STRICT_PROTOTYPES = YES;
				CLANG_WARN_SUSPICIOUS_MOVE = YES;
				CLANG_WARN_UNGUARDED_AVAILABILITY = YES_AGGRESSIVE;
				CLANG_WARN_UNREACHABLE_CODE = YES;
				CLANG_WARN__DUPLICATE_METHOD_MATCH = YES;
				COPY_PHASE_STRIP = NO;
				DEBUG_INFORMATION_FORMAT = dwarf;
				DEVELOPMENT_TEAM = L8P3SDVYVX;
				ENABLE_STRICT_OBJC_MSGSEND = YES;
				ENABLE_TESTABILITY = YES;
				ENABLE_USER_SCRIPT_SANDBOXING = YES;
				GCC_C_LANGUAGE_STANDARD = gnu17;
				GCC_DYNAMIC_NO_PIC = NO;
				GCC_NO_COMMON_BLOCKS = YES;
				GCC_OPTIMIZATION_LEVEL = 0;
				GCC_PREPROCESSOR_DEFINITIONS = (
					"DEBUG=1",
					"$(inherited)",
				);
				GCC_WARN_64_TO_32_BIT_CONVERSION = YES;
				GCC_WARN_ABOUT_RETURN_TYPE = YES_ERROR;
				GCC_WARN_UNDECLARED_SELECTOR = YES;
				GCC_WARN_UNINITIALIZED_AUTOS = YES_AGGRESSIVE;
				GCC_WARN_UNUSED_FUNCTION = YES;
				GCC_WARN_UNUSED_VARIABLE = YES;
				LOCALIZATION_PREFERS_STRING_CATALOGS = YES;
				MTL_ENABLE_DEBUG_INFO = INCLUDE_SOURCE;
				MTL_FAST_MATH = YES;
				ONLY_ACTIVE_ARCH = YES;
				SWIFT_ACTIVE_COMPILATION_CONDITIONS = "DEBUG $(inherited)";
				SWIFT_EMIT_LOC_STRINGS = YES;
				SWIFT_OPTIMIZATION_LEVEL = "-Onone";
			};
			name = Debug;
		};
		210586032DA0132B004855FE /* Release */ = {
			isa = XCBuildConfiguration;
			buildSettings = {
				ALWAYS_SEARCH_USER_PATHS = NO;
				ASSETCATALOG_COMPILER_GENERATE_SWIFT_ASSET_SYMBOL_EXTENSIONS = YES;
				CLANG_ANALYZER_NONNULL = YES;
				CLANG_ANALYZER_NUMBER_OBJECT_CONVERSION = YES_AGGRESSIVE;
				CLANG_CXX_LANGUAGE_STANDARD = "gnu++20";
				CLANG_ENABLE_MODULES = YES;
				CLANG_ENABLE_OBJC_ARC = YES;
				CLANG_ENABLE_OBJC_WEAK = YES;
				CLANG_WARN_BLOCK_CAPTURE_AUTORELEASING = YES;
				CLANG_WARN_BOOL_CONVERSION = YES;
				CLANG_WARN_COMMA = YES;
				CLANG_WARN_CONSTANT_CONVERSION = YES;
				CLANG_WARN_DEPRECATED_OBJC_IMPLEMENTATIONS = YES;
				CLANG_WARN_DIRECT_OBJC_ISA_USAGE = YES_ERROR;
				CLANG_WARN_DOCUMENTATION_COMMENTS = YES;
				CLANG_WARN_EMPTY_BODY = YES;
				CLANG_WARN_ENUM_CONVERSION = YES;
				CLANG_WARN_INFINITE_RECURSION = YES;
				CLANG_WARN_INT_CONVERSION = YES;
				CLANG_WARN_NON_LITERAL_NULL_CONVERSION = YES;
				CLANG_WARN_OBJC_IMPLICIT_RETAIN_SELF = YES;
				CLANG_WARN_OBJC_LITERAL_CONVERSION = YES;
				CLANG_WARN_OBJC_ROOT_CLASS = YES_ERROR;
				CLANG_WARN_QUOTED_INCLUDE_IN_FRAMEWORK_HEADER = YES;
				CLANG_WARN_RANGE_LOOP_ANALYSIS = YES;
				CLANG_WARN_STRICT_PROTOTYPES = YES;
				CLANG_WARN_SUSPICIOUS_MOVE = YES;
				CLANG_WARN_UNGUARDED_AVAILABILITY = YES_AGGRESSIVE;
				CLANG_WARN_UNREACHABLE_CODE = YES;
				CLANG_WARN__DUPLICATE_METHOD_MATCH = YES;
				COPY_PHASE_STRIP = NO;
				DEBUG_INFORMATION_FORMAT = "dwarf-with-dsym";
				DEVELOPMENT_TEAM = L8P3SDVYVX;
				ENABLE_NS_ASSERTIONS = NO;
				ENABLE_STRICT_OBJC_MSGSEND = YES;
				ENABLE_USER_SCRIPT_SANDBOXING = YES;
				GCC_C_LANGUAGE_STANDARD = gnu17;
				GCC_NO_COMMON_BLOCKS = YES;
				GCC_WARN_64_TO_32_BIT_CONVERSION = YES;
				GCC_WARN_ABOUT_RETURN_TYPE = YES_ERROR;
				GCC_WARN_UNDECLARED_SELECTOR = YES;
				GCC_WARN_UNINITIALIZED_AUTOS = YES_AGGRESSIVE;
				GCC_WARN_UNUSED_FUNCTION = YES;
				GCC_WARN_UNUSED_VARIABLE = YES;
				LOCALIZATION_PREFERS_STRING_CATALOGS = YES;
				MTL_ENABLE_DEBUG_INFO = NO;
				MTL_FAST_MATH = YES;
				SWIFT_COMPILATION_MODE = wholemodule;
				SWIFT_EMIT_LOC_STRINGS = YES;
			};
			name = Release;
		};
		214E8E3E2DA01A1900AC8000 /* Debug */ = {
			isa = XCBuildConfiguration;
			buildSettings = {
				ASSETCATALOG_COMPILER_APPICON_NAME = AppIcon;
				ASSETCATALOG_COMPILER_GLOBAL_ACCENT_COLOR_NAME = AccentColor;
				CODE_SIGN_STYLE = Automatic;
				CURRENT_PROJECT_VERSION = 1;
				DEVELOPMENT_TEAM = L8P3SDVYVX;
				ENABLE_PREVIEWS = YES;
				GENERATE_INFOPLIST_FILE = YES;
				INFOPLIST_KEY_CFBundleDisplayName = "RetroRacing watchOS";
				INFOPLIST_KEY_UISupportedInterfaceOrientations = "UIInterfaceOrientationPortrait UIInterfaceOrientationPortraitUpsideDown";
				INFOPLIST_KEY_WKWatchOnly = YES;
				LD_RUNPATH_SEARCH_PATHS = (
					"$(inherited)",
					"@executable_path/Frameworks",
				);
				MARKETING_VERSION = 1.0;
				PRODUCT_BUNDLE_IDENTIFIER = "dadederk.RetroRacing-watchOS.watchkitapp";
				PRODUCT_NAME = "$(TARGET_NAME)";
				SDKROOT = watchos;
				SKIP_INSTALL = YES;
				SWIFT_EMIT_LOC_STRINGS = YES;
				SWIFT_VERSION = 5.0;
				TARGETED_DEVICE_FAMILY = 4;
				WATCHOS_DEPLOYMENT_TARGET = 11.0;
			};
			name = Debug;
		};
		214E8E3F2DA01A1900AC8000 /* Release */ = {
			isa = XCBuildConfiguration;
			buildSettings = {
				ASSETCATALOG_COMPILER_APPICON_NAME = AppIcon;
				ASSETCATALOG_COMPILER_GLOBAL_ACCENT_COLOR_NAME = AccentColor;
				CODE_SIGN_STYLE = Automatic;
				CURRENT_PROJECT_VERSION = 1;
				DEVELOPMENT_TEAM = L8P3SDVYVX;
				ENABLE_PREVIEWS = YES;
				GENERATE_INFOPLIST_FILE = YES;
				INFOPLIST_KEY_CFBundleDisplayName = "RetroRacing watchOS";
				INFOPLIST_KEY_UISupportedInterfaceOrientations = "UIInterfaceOrientationPortrait UIInterfaceOrientationPortraitUpsideDown";
				INFOPLIST_KEY_WKWatchOnly = YES;
				LD_RUNPATH_SEARCH_PATHS = (
					"$(inherited)",
					"@executable_path/Frameworks",
				);
				MARKETING_VERSION = 1.0;
				PRODUCT_BUNDLE_IDENTIFIER = "dadederk.RetroRacing-watchOS.watchkitapp";
				PRODUCT_NAME = "$(TARGET_NAME)";
				SDKROOT = watchos;
				SKIP_INSTALL = YES;
				SWIFT_EMIT_LOC_STRINGS = YES;
				SWIFT_VERSION = 5.0;
				TARGETED_DEVICE_FAMILY = 4;
				VALIDATE_PRODUCT = YES;
				WATCHOS_DEPLOYMENT_TARGET = 11.0;
			};
			name = Release;
		};
/* End XCBuildConfiguration section */

/* Begin XCConfigurationList section */
		2104FBB82DA2E22F00AC4879 /* Build configuration list for PBXNativeTarget "RetroRacingTests" */ = {
			isa = XCConfigurationList;
			buildConfigurations = (
				2104FBB92DA2E22F00AC4879 /* Debug */,
				2104FBBA2DA2E22F00AC4879 /* Release */,
			);
			defaultConfigurationIsVisible = 0;
			defaultConfigurationName = Release;
		};
		210585B52DA01329004855FE /* Build configuration list for PBXProject "RetroRacing" */ = {
			isa = XCConfigurationList;
			buildConfigurations = (
				210586022DA0132B004855FE /* Debug */,
				210586032DA0132B004855FE /* Release */,
			);
			defaultConfigurationIsVisible = 0;
			defaultConfigurationName = Release;
		};
		210585F72DA0132B004855FE /* Build configuration list for PBXNativeTarget "RetroRacing iOS" */ = {
			isa = XCConfigurationList;
			buildConfigurations = (
				210585F82DA0132B004855FE /* Debug */,
				210585F92DA0132B004855FE /* Release */,
			);
			defaultConfigurationIsVisible = 0;
			defaultConfigurationName = Release;
		};
		210585FB2DA0132B004855FE /* Build configuration list for PBXNativeTarget "RetroRacing tvOS" */ = {
			isa = XCConfigurationList;
			buildConfigurations = (
				210585FC2DA0132B004855FE /* Debug */,
				210585FD2DA0132B004855FE /* Release */,
			);
			defaultConfigurationIsVisible = 0;
			defaultConfigurationName = Release;
		};
		210585FF2DA0132B004855FE /* Build configuration list for PBXNativeTarget "RetroRacing macOS" */ = {
			isa = XCConfigurationList;
			buildConfigurations = (
				210586002DA0132B004855FE /* Debug */,
				210586012DA0132B004855FE /* Release */,
			);
			defaultConfigurationIsVisible = 0;
			defaultConfigurationName = Release;
		};
		214E8E442DA01A1900AC8000 /* Build configuration list for PBXNativeTarget "RetroRacing watchOS" */ = {
			isa = XCConfigurationList;
			buildConfigurations = (
				214E8E3E2DA01A1900AC8000 /* Debug */,
				214E8E3F2DA01A1900AC8000 /* Release */,
			);
			defaultConfigurationIsVisible = 0;
			defaultConfigurationName = Release;
		};
/* End XCConfigurationList section */
	};
	rootObject = 210585B22DA01329004855FE /* Project object */;
}
